
Microsoft Visual Studio Solution File, Format Version 12.00
# Visual Studio Version 17
VisualStudioVersion = 17.5.33530.505
MinimumVisualStudioVersion = 10.0.40219.1
Project("{FAE04EC0-301F-11D3-BF4B-00C04F79EFBC}") = "BookDemo", "BookDemo.csproj", "{BCE5C3CB-DFED-40B4-A86D-8F6C973C4FF3}"
EndProject
Global
	GlobalSection(SolutionConfigurationPlatforms) = preSolution
		Debug|Any CPU = Debug|Any CPU
		Release|Any CPU = Release|Any CPU
	EndGlobalSection
	GlobalSection(ProjectConfigurationPlatforms) = postSolution
		{BCE5C3CB-DFED-40B4-A86D-8F6C973C4FF3}.Debug|Any CPU.ActiveCfg = Debug|Any CPU
		{BCE5C3CB-DFED-40B4-A86D-8F6C973C4FF3}.Debug|Any CPU.Build.0 = Debug|Any CPU
		{BCE5C3CB-DFED-40B4-A86D-8F6C973C4FF3}.Release|Any CPU.ActiveCfg = Release|Any CPU
		{BCE5C3CB-DFED-40B4-A86D-8F6C973C4FF3}.Release|Any CPU.Build.0 = Release|Any CPU
	EndGlobalSection
	GlobalSection(SolutionProperties) = preSolution
		HideSolutionNode = FALSE
	EndGlobalSection
	GlobalSection(ExtensibilityGlobals) = postSolution
		SolutionGuid = {ACBD00D9-A345-4FDB-8D71-BB2E382CA0B4}
	EndGlobalSection
EndGlobal
